// !$*UTF8*$!
{
	archiveVersion = 1;
	classes = {
	};
	objectVersion = 55;
	objects = {

/* Begin PBXBuildFile section */
		5B0B8A2527E98B2700E01CAF /* ParseSwift in Frameworks */ = {isa = PBXBuildFile; productRef = 5B0B8A2427E98B2700E01CAF /* ParseSwift */; };
		5B6B3DCD27E77F3700E6D7AB /* AppDelegate.swift in Sources */ = {isa = PBXBuildFile; fileRef = 5B6B3DCC27E77F3700E6D7AB /* AppDelegate.swift */; };
		5B6B3DCF27E77F3700E6D7AB /* SceneDelegate.swift in Sources */ = {isa = PBXBuildFile; fileRef = 5B6B3DCE27E77F3700E6D7AB /* SceneDelegate.swift */; };
		5B6B3DD427E77F3700E6D7AB /* Main.storyboard in Resources */ = {isa = PBXBuildFile; fileRef = 5B6B3DD227E77F3700E6D7AB /* Main.storyboard */; };
		5B6B3DD627E77F3800E6D7AB /* Assets.xcassets in Resources */ = {isa = PBXBuildFile; fileRef = 5B6B3DD527E77F3800E6D7AB /* Assets.xcassets */; };
		5B6B3DD927E77F3800E6D7AB /* LaunchScreen.storyboard in Resources */ = {isa = PBXBuildFile; fileRef = 5B6B3DD727E77F3800E6D7AB /* LaunchScreen.storyboard */; };
		5B6B3DE427E77F3800E6D7AB /* InstagramTests.swift in Sources */ = {isa = PBXBuildFile; fileRef = 5B6B3DE327E77F3800E6D7AB /* InstagramTests.swift */; };
		5B6B3DEE27E77F3800E6D7AB /* InstagramUITests.swift in Sources */ = {isa = PBXBuildFile; fileRef = 5B6B3DED27E77F3800E6D7AB /* InstagramUITests.swift */; };
		5B6B3DF027E77F3800E6D7AB /* InstagramUITestsLaunchTests.swift in Sources */ = {isa = PBXBuildFile; fileRef = 5B6B3DEF27E77F3800E6D7AB /* InstagramUITestsLaunchTests.swift */; };
		5BCD60DD27F01888002FA76A /* FeedViewController.swift in Sources */ = {isa = PBXBuildFile; fileRef = 5BCD60DC27F01888002FA76A /* FeedViewController.swift */; };
		5BCD60E127F019F3002FA76A /* LoginViewController.swift in Sources */ = {isa = PBXBuildFile; fileRef = 5BCD60E027F019F3002FA76A /* LoginViewController.swift */; };
		68BB87849F0780AFA34D575E /* Pods_Instagram.framework in Frameworks */ = {isa = PBXBuildFile; fileRef = 605D6877E52C92098BBBB8AE /* Pods_Instagram.framework */; };
/* End PBXBuildFile section */

/* Begin PBXContainerItemProxy section */
		5B6B3DE027E77F3800E6D7AB /* PBXContainerItemProxy */ = {
			isa = PBXContainerItemProxy;
			containerPortal = 5B6B3DC127E77F3700E6D7AB /* Project object */;
			proxyType = 1;
			remoteGlobalIDString = 5B6B3DC827E77F3700E6D7AB;
			remoteInfo = Instagram;
		};
		5B6B3DEA27E77F3800E6D7AB /* PBXContainerItemProxy */ = {
			isa = PBXContainerItemProxy;
			containerPortal = 5B6B3DC127E77F3700E6D7AB /* Project object */;
			proxyType = 1;
			remoteGlobalIDString = 5B6B3DC827E77F3700E6D7AB;
			remoteInfo = Instagram;
		};
/* End PBXContainerItemProxy section */

/* Begin PBXFileReference section */
		5823F78C5FF98C9D18AF5451 /* Pods-Instagram.debug.xcconfig */ = {isa = PBXFileReference; includeInIndex = 1; lastKnownFileType = text.xcconfig; name = "Pods-Instagram.debug.xcconfig"; path = "Target Support Files/Pods-Instagram/Pods-Instagram.debug.xcconfig"; sourceTree = "<group>"; };
		5B6B3DC927E77F3700E6D7AB /* Instagram.app */ = {isa = PBXFileReference; explicitFileType = wrapper.application; includeInIndex = 0; path = Instagram.app; sourceTree = BUILT_PRODUCTS_DIR; };
		5B6B3DCC27E77F3700E6D7AB /* AppDelegate.swift */ = {isa = PBXFileReference; lastKnownFileType = sourcecode.swift; path = AppDelegate.swift; sourceTree = "<group>"; };
		5B6B3DCE27E77F3700E6D7AB /* SceneDelegate.swift */ = {isa = PBXFileReference; lastKnownFileType = sourcecode.swift; path = SceneDelegate.swift; sourceTree = "<group>"; };
		5B6B3DD327E77F3700E6D7AB /* Base */ = {isa = PBXFileReference; lastKnownFileType = file.storyboard; name = Base; path = Base.lproj/Main.storyboard; sourceTree = "<group>"; };
		5B6B3DD527E77F3800E6D7AB /* Assets.xcassets */ = {isa = PBXFileReference; lastKnownFileType = folder.assetcatalog; path = Assets.xcassets; sourceTree = "<group>"; };
		5B6B3DD827E77F3800E6D7AB /* Base */ = {isa = PBXFileReference; lastKnownFileType = file.storyboard; name = Base; path = Base.lproj/LaunchScreen.storyboard; sourceTree = "<group>"; };
		5B6B3DDA27E77F3800E6D7AB /* Info.plist */ = {isa = PBXFileReference; lastKnownFileType = text.plist.xml; path = Info.plist; sourceTree = "<group>"; };
		5B6B3DDF27E77F3800E6D7AB /* InstagramTests.xctest */ = {isa = PBXFileReference; explicitFileType = wrapper.cfbundle; includeInIndex = 0; path = InstagramTests.xctest; sourceTree = BUILT_PRODUCTS_DIR; };
		5B6B3DE327E77F3800E6D7AB /* InstagramTests.swift */ = {isa = PBXFileReference; lastKnownFileType = sourcecode.swift; path = InstagramTests.swift; sourceTree = "<group>"; };
		5B6B3DE927E77F3800E6D7AB /* InstagramUITests.xctest */ = {isa = PBXFileReference; explicitFileType = wrapper.cfbundle; includeInIndex = 0; path = InstagramUITests.xctest; sourceTree = BUILT_PRODUCTS_DIR; };
		5B6B3DED27E77F3800E6D7AB /* InstagramUITests.swift */ = {isa = PBXFileReference; lastKnownFileType = sourcecode.swift; path = InstagramUITests.swift; sourceTree = "<group>"; };
		5B6B3DEF27E77F3800E6D7AB /* InstagramUITestsLaunchTests.swift */ = {isa = PBXFileReference; lastKnownFileType = sourcecode.swift; path = InstagramUITestsLaunchTests.swift; sourceTree = "<group>"; };
		5BCD60DC27F01888002FA76A /* FeedViewController.swift */ = {isa = PBXFileReference; lastKnownFileType = sourcecode.swift; path = FeedViewController.swift; sourceTree = "<group>"; };
		5BCD60E027F019F3002FA76A /* LoginViewController.swift */ = {isa = PBXFileReference; lastKnownFileType = sourcecode.swift; path = LoginViewController.swift; sourceTree = "<group>"; };
		605D6877E52C92098BBBB8AE /* Pods_Instagram.framework */ = {isa = PBXFileReference; explicitFileType = wrapper.framework; includeInIndex = 0; path = Pods_Instagram.framework; sourceTree = BUILT_PRODUCTS_DIR; };
		BF96D8FD0A84FEA7F527D541 /* Pods-Instagram.release.xcconfig */ = {isa = PBXFileReference; includeInIndex = 1; lastKnownFileType = text.xcconfig; name = "Pods-Instagram.release.xcconfig"; path = "Target Support Files/Pods-Instagram/Pods-Instagram.release.xcconfig"; sourceTree = "<group>"; };
/* End PBXFileReference section */

/* Begin PBXFrameworksBuildPhase section */
		5B6B3DC627E77F3700E6D7AB /* Frameworks */ = {
			isa = PBXFrameworksBuildPhase;
			buildActionMask = 2147483647;
			files = (
				5B0B8A2527E98B2700E01CAF /* ParseSwift in Frameworks */,
				68BB87849F0780AFA34D575E /* Pods_Instagram.framework in Frameworks */,
			);
			runOnlyForDeploymentPostprocessing = 0;
		};
		5B6B3DDC27E77F3800E6D7AB /* Frameworks */ = {
			isa = PBXFrameworksBuildPhase;
			buildActionMask = 2147483647;
			files = (
			);
			runOnlyForDeploymentPostprocessing = 0;
		};
		5B6B3DE627E77F3800E6D7AB /* Frameworks */ = {
			isa = PBXFrameworksBuildPhase;
			buildActionMask = 2147483647;
			files = (
			);
			runOnlyForDeploymentPostprocessing = 0;
		};
/* End PBXFrameworksBuildPhase section */

/* Begin PBXGroup section */
		5B6B3DC027E77F3700E6D7AB = {
			isa = PBXGroup;
			children = (
				5B6B3DCB27E77F3700E6D7AB /* Instagram */,
				5B6B3DE227E77F3800E6D7AB /* InstagramTests */,
				5B6B3DEC27E77F3800E6D7AB /* InstagramUITests */,
				5B6B3DCA27E77F3700E6D7AB /* Products */,
				F250315CCB054BEC0E58CB6E /* Pods */,
				5C18FC682356B2139987FB90 /* Frameworks */,
			);
			sourceTree = "<group>";
		};
		5B6B3DCA27E77F3700E6D7AB /* Products */ = {
			isa = PBXGroup;
			children = (
				5B6B3DC927E77F3700E6D7AB /* Instagram.app */,
				5B6B3DDF27E77F3800E6D7AB /* InstagramTests.xctest */,
				5B6B3DE927E77F3800E6D7AB /* InstagramUITests.xctest */,
			);
			name = Products;
			sourceTree = "<group>";
		};
		5B6B3DCB27E77F3700E6D7AB /* Instagram */ = {
			isa = PBXGroup;
			children = (
				5B6B3DCC27E77F3700E6D7AB /* AppDelegate.swift */,
				5B6B3DCE27E77F3700E6D7AB /* SceneDelegate.swift */,
				5B6B3DD227E77F3700E6D7AB /* Main.storyboard */,
				5BCD60E027F019F3002FA76A /* LoginViewController.swift */,
				5B6B3DD527E77F3800E6D7AB /* Assets.xcassets */,
				5B6B3DD727E77F3800E6D7AB /* LaunchScreen.storyboard */,
				5B6B3DDA27E77F3800E6D7AB /* Info.plist */,
				5BCD60DC27F01888002FA76A /* FeedViewController.swift */,
			);
			path = Instagram;
			sourceTree = "<group>";
		};
		5B6B3DE227E77F3800E6D7AB /* InstagramTests */ = {
			isa = PBXGroup;
			children = (
				5B6B3DE327E77F3800E6D7AB /* InstagramTests.swift */,
			);
			path = InstagramTests;
			sourceTree = "<group>";
		};
		5B6B3DEC27E77F3800E6D7AB /* InstagramUITests */ = {
			isa = PBXGroup;
			children = (
				5B6B3DED27E77F3800E6D7AB /* InstagramUITests.swift */,
				5B6B3DEF27E77F3800E6D7AB /* InstagramUITestsLaunchTests.swift */,
			);
			path = InstagramUITests;
			sourceTree = "<group>";
		};
		5C18FC682356B2139987FB90 /* Frameworks */ = {
			isa = PBXGroup;
			children = (
				605D6877E52C92098BBBB8AE /* Pods_Instagram.framework */,
			);
			name = Frameworks;
			sourceTree = "<group>";
		};
		F250315CCB054BEC0E58CB6E /* Pods */ = {
			isa = PBXGroup;
			children = (
				5823F78C5FF98C9D18AF5451 /* Pods-Instagram.debug.xcconfig */,
				BF96D8FD0A84FEA7F527D541 /* Pods-Instagram.release.xcconfig */,
			);
			path = Pods;
			sourceTree = "<group>";
		};
/* End PBXGroup section */

/* Begin PBXNativeTarget section */
		5B6B3DC827E77F3700E6D7AB /* Instagram */ = {
			isa = PBXNativeTarget;
			buildConfigurationList = 5B6B3DF327E77F3800E6D7AB /* Build configuration list for PBXNativeTarget "Instagram" */;
			buildPhases = (
				89B4A18F5464213AB44FFC9F /* [CP] Check Pods Manifest.lock */,
				5B6B3DC527E77F3700E6D7AB /* Sources */,
				5B6B3DC627E77F3700E6D7AB /* Frameworks */,
				5B6B3DC727E77F3700E6D7AB /* Resources */,
				E2C7A0953BC4691FD8AEA7BA /* [CP] Embed Pods Frameworks */,
			);
			buildRules = (
			);
			dependencies = (
			);
			name = Instagram;
			packageProductDependencies = (
				5B0B8A2427E98B2700E01CAF /* ParseSwift */,
			);
			productName = Instagram;
			productReference = 5B6B3DC927E77F3700E6D7AB /* Instagram.app */;
			productType = "com.apple.product-type.application";
		};
		5B6B3DDE27E77F3800E6D7AB /* InstagramTests */ = {
			isa = PBXNativeTarget;
			buildConfigurationList = 5B6B3DF627E77F3800E6D7AB /* Build configuration list for PBXNativeTarget "InstagramTests" */;
			buildPhases = (
				5B6B3DDB27E77F3800E6D7AB /* Sources */,
				5B6B3DDC27E77F3800E6D7AB /* Frameworks */,
				5B6B3DDD27E77F3800E6D7AB /* Resources */,
			);
			buildRules = (
			);
			dependencies = (
				5B6B3DE127E77F3800E6D7AB /* PBXTargetDependency */,
			);
			name = InstagramTests;
			productName = InstagramTests;
			productReference = 5B6B3DDF27E77F3800E6D7AB /* InstagramTests.xctest */;
			productType = "com.apple.product-type.bundle.unit-test";
		};
		5B6B3DE827E77F3800E6D7AB /* InstagramUITests */ = {
			isa = PBXNativeTarget;
			buildConfigurationList = 5B6B3DF927E77F3800E6D7AB /* Build configuration list for PBXNativeTarget "InstagramUITests" */;
			buildPhases = (
				5B6B3DE527E77F3800E6D7AB /* Sources */,
				5B6B3DE627E77F3800E6D7AB /* Frameworks */,
				5B6B3DE727E77F3800E6D7AB /* Resources */,
			);
			buildRules = (
			);
			dependencies = (
				5B6B3DEB27E77F3800E6D7AB /* PBXTargetDependency */,
			);
			name = InstagramUITests;
			productName = InstagramUITests;
			productReference = 5B6B3DE927E77F3800E6D7AB /* InstagramUITests.xctest */;
			productType = "com.apple.product-type.bundle.ui-testing";
		};
/* End PBXNativeTarget section */

/* Begin PBXProject section */
		5B6B3DC127E77F3700E6D7AB /* Project object */ = {
			isa = PBXProject;
			attributes = {
				BuildIndependentTargetsInParallel = 1;
				LastSwiftUpdateCheck = 1320;
				LastUpgradeCheck = 1320;
				TargetAttributes = {
					5B6B3DC827E77F3700E6D7AB = {
						CreatedOnToolsVersion = 13.2.1;
					};
					5B6B3DDE27E77F3800E6D7AB = {
						CreatedOnToolsVersion = 13.2.1;
						TestTargetID = 5B6B3DC827E77F3700E6D7AB;
					};
					5B6B3DE827E77F3800E6D7AB = {
						CreatedOnToolsVersion = 13.2.1;
						TestTargetID = 5B6B3DC827E77F3700E6D7AB;
					};
				};
			};
			buildConfigurationList = 5B6B3DC427E77F3700E6D7AB /* Build configuration list for PBXProject "Instagram" */;
			compatibilityVersion = "Xcode 13.0";
			developmentRegion = en;
			hasScannedForEncodings = 0;
			knownRegions = (
				en,
				Base,
			);
			mainGroup = 5B6B3DC027E77F3700E6D7AB;
			packageReferences = (
				5B0B8A2327E98B2700E01CAF /* XCRemoteSwiftPackageReference "Parse-Swift" */,
			);
			productRefGroup = 5B6B3DCA27E77F3700E6D7AB /* Products */;
			projectDirPath = "";
			projectRoot = "";
			targets = (
				5B6B3DC827E77F3700E6D7AB /* Instagram */,
				5B6B3DDE27E77F3800E6D7AB /* InstagramTests */,
				5B6B3DE827E77F3800E6D7AB /* InstagramUITests */,
			);
		};
/* End PBXProject section */

/* Begin PBXResourcesBuildPhase section */
		5B6B3DC727E77F3700E6D7AB /* Resources */ = {
			isa = PBXResourcesBuildPhase;
			buildActionMask = 2147483647;
			files = (
				5B6B3DD927E77F3800E6D7AB /* LaunchScreen.storyboard in Resources */,
				5B6B3DD627E77F3800E6D7AB /* Assets.xcassets in Resources */,
				5B6B3DD427E77F3700E6D7AB /* Main.storyboard in Resources */,
			);
			runOnlyForDeploymentPostprocessing = 0;
		};
		5B6B3DDD27E77F3800E6D7AB /* Resources */ = {
			isa = PBXResourcesBuildPhase;
			buildActionMask = 2147483647;
			files = (
			);
			runOnlyForDeploymentPostprocessing = 0;
		};
		5B6B3DE727E77F3800E6D7AB /* Resources */ = {
			isa = PBXResourcesBuildPhase;
			buildActionMask = 2147483647;
			files = (
			);
			runOnlyForDeploymentPostprocessing = 0;
		};
/* End PBXResourcesBuildPhase section */

/* Begin PBXShellScriptBuildPhase section */
		89B4A18F5464213AB44FFC9F /* [CP] Check Pods Manifest.lock */ = {
			isa = PBXShellScriptBuildPhase;
			buildActionMask = 2147483647;
			files = (
			);
			inputFileListPaths = (
			);
			inputPaths = (
				"${PODS_PODFILE_DIR_PATH}/Podfile.lock",
				"${PODS_ROOT}/Manifest.lock",
			);
			name = "[CP] Check Pods Manifest.lock";
			outputFileListPaths = (
			);
			outputPaths = (
				"$(DERIVED_FILE_DIR)/Pods-Instagram-checkManifestLockResult.txt",
			);
			runOnlyForDeploymentPostprocessing = 0;
			shellPath = /bin/sh;
			shellScript = "diff \"${PODS_PODFILE_DIR_PATH}/Podfile.lock\" \"${PODS_ROOT}/Manifest.lock\" > /dev/null\nif [ $? != 0 ] ; then\n    # print error to STDERR\n    echo \"error: The sandbox is not in sync with the Podfile.lock. Run 'pod install' or update your CocoaPods installation.\" >&2\n    exit 1\nfi\n# This output is used by Xcode 'outputs' to avoid re-running this script phase.\necho \"SUCCESS\" > \"${SCRIPT_OUTPUT_FILE_0}\"\n";
			showEnvVarsInLog = 0;
		};
		E2C7A0953BC4691FD8AEA7BA /* [CP] Embed Pods Frameworks */ = {
			isa = PBXShellScriptBuildPhase;
			buildActionMask = 2147483647;
			files = (
			);
			inputFileListPaths = (
				"${PODS_ROOT}/Target Support Files/Pods-Instagram/Pods-Instagram-frameworks-${CONFIGURATION}-input-files.xcfilelist",
			);
			name = "[CP] Embed Pods Frameworks";
			outputFileListPaths = (
				"${PODS_ROOT}/Target Support Files/Pods-Instagram/Pods-Instagram-frameworks-${CONFIGURATION}-output-files.xcfilelist",
			);
			runOnlyForDeploymentPostprocessing = 0;
			shellPath = /bin/sh;
			shellScript = "\"${PODS_ROOT}/Target Support Files/Pods-Instagram/Pods-Instagram-frameworks.sh\"\n";
			showEnvVarsInLog = 0;
		};
/* End PBXShellScriptBuildPhase section */

/* Begin PBXSourcesBuildPhase section */
		5B6B3DC527E77F3700E6D7AB /* Sources */ = {
			isa = PBXSourcesBuildPhase;
			buildActionMask = 2147483647;
			files = (
				5B6B3DCD27E77F3700E6D7AB /* AppDelegate.swift in Sources */,
				5BCD60DD27F01888002FA76A /* FeedViewController.swift in Sources */,
				5B6B3DCF27E77F3700E6D7AB /* SceneDelegate.swift in Sources */,
				5BCD60E127F019F3002FA76A /* LoginViewController.swift in Sources */,
			);
			runOnlyForDeploymentPostprocessing = 0;
		};
		5B6B3DDB27E77F3800E6D7AB /* Sources */ = {
			isa = PBXSourcesBuildPhase;
			buildActionMask = 2147483647;
			files = (
				5B6B3DE427E77F3800E6D7AB /* InstagramTests.swift in Sources */,
			);
			runOnlyForDeploymentPostprocessing = 0;
		};
		5B6B3DE527E77F3800E6D7AB /* Sources */ = {
			isa = PBXSourcesBuildPhase;
			buildActionMask = 2147483647;
			files = (
				5B6B3DEE27E77F3800E6D7AB /* InstagramUITests.swift in Sources */,
				5B6B3DF027E77F3800E6D7AB /* InstagramUITestsLaunchTests.swift in Sources */,
			);
			runOnlyForDeploymentPostprocessing = 0;
		};
/* End PBXSourcesBuildPhase section */

/* Begin PBXTargetDependency section */
		5B6B3DE127E77F3800E6D7AB /* PBXTargetDependency */ = {
			isa = PBXTargetDependency;
			target = 5B6B3DC827E77F3700E6D7AB /* Instagram */;
			targetProxy = 5B6B3DE027E77F3800E6D7AB /* PBXContainerItemProxy */;
		};
		5B6B3DEB27E77F3800E6D7AB /* PBXTargetDependency */ = {
			isa = PBXTargetDependency;
			target = 5B6B3DC827E77F3700E6D7AB /* Instagram */;
			targetProxy = 5B6B3DEA27E77F3800E6D7AB /* PBXContainerItemProxy */;
		};
/* End PBXTargetDependency section */

/* Begin PBXVariantGroup section */
		5B6B3DD227E77F3700E6D7AB /* Main.storyboard */ = {
			isa = PBXVariantGroup;
			children = (
				5B6B3DD327E77F3700E6D7AB /* Base */,
			);
			name = Main.storyboard;
			sourceTree = "<group>";
		};
		5B6B3DD727E77F3800E6D7AB /* LaunchScreen.storyboard */ = {
			isa = PBXVariantGroup;
			children = (
				5B6B3DD827E77F3800E6D7AB /* Base */,
			);
			name = LaunchScreen.storyboard;
			sourceTree = "<group>";
		};
/* End PBXVariantGroup section */

/* Begin XCBuildConfiguration section */
		5B6B3DF127E77F3800E6D7AB /* Debug */ = {
			isa = XCBuildConfiguration;
			buildSettings = {
				ALWAYS_SEARCH_USER_PATHS = NO;
				CLANG_ANALYZER_NONNULL = YES;
				CLANG_ANALYZER_NUMBER_OBJECT_CONVERSION = YES_AGGRESSIVE;
				CLANG_CXX_LANGUAGE_STANDARD = "gnu++17";
				CLANG_CXX_LIBRARY = "libc++";
				CLANG_ENABLE_MODULES = YES;
				CLANG_ENABLE_OBJC_ARC = YES;
				CLANG_ENABLE_OBJC_WEAK = YES;
				CLANG_WARN_BLOCK_CAPTURE_AUTORELEASING = YES;
				CLANG_WARN_BOOL_CONVERSION = YES;
				CLANG_WARN_COMMA = YES;
				CLANG_WARN_CONSTANT_CONVERSION = YES;
				CLANG_WARN_DEPRECATED_OBJC_IMPLEMENTATIONS = YES;
				CLANG_WARN_DIRECT_OBJC_ISA_USAGE = YES_ERROR;
				CLANG_WARN_DOCUMENTATION_COMMENTS = YES;
				CLANG_WARN_EMPTY_BODY = YES;
				CLANG_WARN_ENUM_CONVERSION = YES;
				CLANG_WARN_INFINITE_RECURSION = YES;
				CLANG_WARN_INT_CONVERSION = YES;
				CLANG_WARN_NON_LITERAL_NULL_CONVERSION = YES;
				CLANG_WARN_OBJC_IMPLICIT_RETAIN_SELF = YES;
				CLANG_WARN_OBJC_LITERAL_CONVERSION = YES;
				CLANG_WARN_OBJC_ROOT_CLASS = YES_ERROR;
				CLANG_WARN_QUOTED_INCLUDE_IN_FRAMEWORK_HEADER = YES;
				CLANG_WARN_RANGE_LOOP_ANALYSIS = YES;
				CLANG_WARN_STRICT_PROTOTYPES = YES;
				CLANG_WARN_SUSPICIOUS_MOVE = YES;
				CLANG_WARN_UNGUARDED_AVAILABILITY = YES_AGGRESSIVE;
				CLANG_WARN_UNREACHABLE_CODE = YES;
				CLANG_WARN__DUPLICATE_METHOD_MATCH = YES;
				COPY_PHASE_STRIP = NO;
				DEBUG_INFORMATION_FORMAT = dwarf;
				ENABLE_STRICT_OBJC_MSGSEND = YES;
				ENABLE_TESTABILITY = YES;
				FRAMEWORK_SEARCH_PATHS = (
					"$(PROJECT_DIR)",
					"$(inherited)",
				);
				GCC_C_LANGUAGE_STANDARD = gnu11;
				GCC_DYNAMIC_NO_PIC = NO;
				GCC_NO_COMMON_BLOCKS = YES;
				GCC_OPTIMIZATION_LEVEL = 0;
				GCC_PREPROCESSOR_DEFINITIONS = (
					"DEBUG=1",
					"$(inherited)",
				);
				GCC_WARN_64_TO_32_BIT_CONVERSION = YES;
				GCC_WARN_ABOUT_RETURN_TYPE = YES_ERROR;
				GCC_WARN_UNDECLARED_SELECTOR = YES;
				GCC_WARN_UNINITIALIZED_AUTOS = YES_AGGRESSIVE;
				GCC_WARN_UNUSED_FUNCTION = YES;
				GCC_WARN_UNUSED_VARIABLE = YES;
				IPHONEOS_DEPLOYMENT_TARGET = 15.2;
				MTL_ENABLE_DEBUG_INFO = INCLUDE_SOURCE;
				MTL_FAST_MATH = YES;
				ONLY_ACTIVE_ARCH = YES;
				SDKROOT = iphoneos;
				SWIFT_ACTIVE_COMPILATION_CONDITIONS = DEBUG;
				SWIFT_OPTIMIZATION_LEVEL = "-Onone";
			};
			name = Debug;
		};
		5B6B3DF227E77F3800E6D7AB /* Release */ = {
			isa = XCBuildConfiguration;
			buildSettings = {
				ALWAYS_SEARCH_USER_PATHS = NO;
				CLANG_ANALYZER_NONNULL = YES;
				CLANG_ANALYZER_NUMBER_OBJECT_CONVERSION = YES_AGGRESSIVE;
				CLANG_CXX_LANGUAGE_STANDARD = "gnu++17";
				CLANG_CXX_LIBRARY = "libc++";
				CLANG_ENABLE_MODULES = YES;
				CLANG_ENABLE_OBJC_ARC = YES;
				CLANG_ENABLE_OBJC_WEAK = YES;
				CLANG_WARN_BLOCK_CAPTURE_AUTORELEASING = YES;
				CLANG_WARN_BOOL_CONVERSION = YES;
				CLANG_WARN_COMMA = YES;
				CLANG_WARN_CONSTANT_CONVERSION = YES;
				CLANG_WARN_DEPRECATED_OBJC_IMPLEMENTATIONS = YES;
				CLANG_WARN_DIRECT_OBJC_ISA_USAGE = YES_ERROR;
				CLANG_WARN_DOCUMENTATION_COMMENTS = YES;
				CLANG_WARN_EMPTY_BODY = YES;
				CLANG_WARN_ENUM_CONVERSION = YES;
				CLANG_WARN_INFINITE_RECURSION = YES;
				CLANG_WARN_INT_CONVERSION = YES;
				CLANG_WARN_NON_LITERAL_NULL_CONVERSION = YES;
				CLANG_WARN_OBJC_IMPLICIT_RETAIN_SELF = YES;
				CLANG_WARN_OBJC_LITERAL_CONVERSION = YES;
				CLANG_WARN_OBJC_ROOT_CLASS = YES_ERROR;
				CLANG_WARN_QUOTED_INCLUDE_IN_FRAMEWORK_HEADER = YES;
				CLANG_WARN_RANGE_LOOP_ANALYSIS = YES;
				CLANG_WARN_STRICT_PROTOTYPES = YES;
				CLANG_WARN_SUSPICIOUS_MOVE = YES;
				CLANG_WARN_UNGUARDED_AVAILABILITY = YES_AGGRESSIVE;
				CLANG_WARN_UNREACHABLE_CODE = YES;
				CLANG_WARN__DUPLICATE_METHOD_MATCH = YES;
				COPY_PHASE_STRIP = NO;
				DEBUG_INFORMATION_FORMAT = "dwarf-with-dsym";
				ENABLE_NS_ASSERTIONS = NO;
				ENABLE_STRICT_OBJC_MSGSEND = YES;
				FRAMEWORK_SEARCH_PATHS = (
					"$(PROJECT_DIR)",
					"$(inherited)",
				);
				GCC_C_LANGUAGE_STANDARD = gnu11;
				GCC_NO_COMMON_BLOCKS = YES;
				GCC_WARN_64_TO_32_BIT_CONVERSION = YES;
				GCC_WARN_ABOUT_RETURN_TYPE = YES_ERROR;
				GCC_WARN_UNDECLARED_SELECTOR = YES;
				GCC_WARN_UNINITIALIZED_AUTOS = YES_AGGRESSIVE;
				GCC_WARN_UNUSED_FUNCTION = YES;
				GCC_WARN_UNUSED_VARIABLE = YES;
				IPHONEOS_DEPLOYMENT_TARGET = 15.2;
				MTL_ENABLE_DEBUG_INFO = NO;
				MTL_FAST_MATH = YES;
				SDKROOT = iphoneos;
				SWIFT_COMPILATION_MODE = wholemodule;
				SWIFT_OPTIMIZATION_LEVEL = "-O";
				VALIDATE_PRODUCT = YES;
			};
			name = Release;
		};
		5B6B3DF427E77F3800E6D7AB /* Debug */ = {
			isa = XCBuildConfiguration;
			baseConfigurationReference = 5823F78C5FF98C9D18AF5451 /* Pods-Instagram.debug.xcconfig */;
			buildSettings = {
				ASSETCATALOG_COMPILER_APPICON_NAME = AppIcon;
				ASSETCATALOG_COMPILER_GLOBAL_ACCENT_COLOR_NAME = AccentColor;
				CODE_SIGN_STYLE = Automatic;
				CURRENT_PROJECT_VERSION = 1;
				DEVELOPMENT_TEAM = YHTT54ZVP4;
				GENERATE_INFOPLIST_FILE = YES;
				INFOPLIST_FILE = Instagram/Info.plist;
				INFOPLIST_KEY_UIApplicationSupportsIndirectInputEvents = YES;
				INFOPLIST_KEY_UILaunchStoryboardName = LaunchScreen;
				INFOPLIST_KEY_UIMainStoryboardFile = Main;
				INFOPLIST_KEY_UISupportedInterfaceOrientations_iPad = "UIInterfaceOrientationPortrait UIInterfaceOrientationPortraitUpsideDown UIInterfaceOrientationLandscapeLeft UIInterfaceOrientationLandscapeRight";
				INFOPLIST_KEY_UISupportedInterfaceOrientations_iPhone = "UIInterfaceOrientationPortrait UIInterfaceOrientationLandscapeLeft UIInterfaceOrientationLandscapeRight";
				LD_RUNPATH_SEARCH_PATHS = (
					"$(inherited)",
					"@executable_path/Frameworks",
				);
				MARKETING_VERSION = 1.0;
				PRODUCT_BUNDLE_IDENTIFIER = memo.com.codepath.Instagram;
				PRODUCT_NAME = "$(TARGET_NAME)";
				SWIFT_EMIT_LOC_STRINGS = YES;
				SWIFT_VERSION = 5.0;
				TARGETED_DEVICE_FAMILY = "1,2";
			};
			name = Debug;
		};
		5B6B3DF527E77F3800E6D7AB /* Release */ = {
			isa = XCBuildConfiguration;
			baseConfigurationReference = BF96D8FD0A84FEA7F527D541 /* Pods-Instagram.release.xcconfig */;
			buildSettings = {
				ASSETCATALOG_COMPILER_APPICON_NAME = AppIcon;
				ASSETCATALOG_COMPILER_GLOBAL_ACCENT_COLOR_NAME = AccentColor;
				CODE_SIGN_STYLE = Automatic;
				CURRENT_PROJECT_VERSION = 1;
				DEVELOPMENT_TEAM = YHTT54ZVP4;
				GENERATE_INFOPLIST_FILE = YES;
				INFOPLIST_FILE = Instagram/Info.plist;
				INFOPLIST_KEY_UIApplicationSupportsIndirectInputEvents = YES;
				INFOPLIST_KEY_UILaunchStoryboardName = LaunchScreen;
				INFOPLIST_KEY_UIMainStoryboardFile = Main;
				INFOPLIST_KEY_UISupportedInterfaceOrientations_iPad = "UIInterfaceOrientationPortrait UIInterfaceOrientationPortraitUpsideDown UIInterfaceOrientationLandscapeLeft UIInterfaceOrientationLandscapeRight";
				INFOPLIST_KEY_UISupportedInterfaceOrientations_iPhone = "UIInterfaceOrientationPortrait UIInterfaceOrientationLandscapeLeft UIInterfaceOrientationLandscapeRight";
				LD_RUNPATH_SEARCH_PATHS = (
					"$(inherited)",
					"@executable_path/Frameworks",
				);
				MARKETING_VERSION = 1.0;
				PRODUCT_BUNDLE_IDENTIFIER = memo.com.codepath.Instagram;
				PRODUCT_NAME = "$(TARGET_NAME)";
				SWIFT_EMIT_LOC_STRINGS = YES;
				SWIFT_VERSION = 5.0;
				TARGETED_DEVICE_FAMILY = "1,2";
			};
			name = Release;
		};
		5B6B3DF727E77F3800E6D7AB /* Debug */ = {
			isa = XCBuildConfiguration;
			buildSettings = {
				ALWAYS_EMBED_SWIFT_STANDARD_LIBRARIES = YES;
				BUNDLE_LOADER = "$(TEST_HOST)";
				CODE_SIGN_STYLE = Automatic;
				CURRENT_PROJECT_VERSION = 1;
				DEVELOPMENT_TEAM = YHTT54ZVP4;
				GENERATE_INFOPLIST_FILE = YES;
				IPHONEOS_DEPLOYMENT_TARGET = 15.2;
				MARKETING_VERSION = 1.0;
				PRODUCT_BUNDLE_IDENTIFIER = memo.com.codepath.InstagramTests;
				PRODUCT_NAME = "$(TARGET_NAME)";
				SWIFT_EMIT_LOC_STRINGS = NO;
				SWIFT_VERSION = 5.0;
				TARGETED_DEVICE_FAMILY = "1,2";
				TEST_HOST = "$(BUILT_PRODUCTS_DIR)/Instagram.app/Instagram";
			};
			name = Debug;
		};
		5B6B3DF827E77F3800E6D7AB /* Release */ = {
			isa = XCBuildConfiguration;
			buildSettings = {
				ALWAYS_EMBED_SWIFT_STANDARD_LIBRARIES = YES;
				BUNDLE_LOADER = "$(TEST_HOST)";
				CODE_SIGN_STYLE = Automatic;
				CURRENT_PROJECT_VERSION = 1;
				DEVELOPMENT_TEAM = YHTT54ZVP4;
				GENERATE_INFOPLIST_FILE = YES;
				IPHONEOS_DEPLOYMENT_TARGET = 15.2;
				MARKETING_VERSION = 1.0;
				PRODUCT_BUNDLE_IDENTIFIER = memo.com.codepath.InstagramTests;
				PRODUCT_NAME = "$(TARGET_NAME)";
				SWIFT_EMIT_LOC_STRINGS = NO;
				SWIFT_VERSION = 5.0;
				TARGETED_DEVICE_FAMILY = "1,2";
				TEST_HOST = "$(BUILT_PRODUCTS_DIR)/Instagram.app/Instagram";
			};
			name = Release;
		};
		5B6B3DFA27E77F3800E6D7AB /* Debug */ = {
			isa = XCBuildConfiguration;
			buildSettings = {
				ALWAYS_EMBED_SWIFT_STANDARD_LIBRARIES = YES;
				CODE_SIGN_STYLE = Automatic;
				CURRENT_PROJECT_VERSION = 1;
				DEVELOPMENT_TEAM = YHTT54ZVP4;
				GENERATE_INFOPLIST_FILE = YES;
				MARKETING_VERSION = 1.0;
				PRODUCT_BUNDLE_IDENTIFIER = memo.com.codepath.InstagramUITests;
				PRODUCT_NAME = "$(TARGET_NAME)";
				SWIFT_EMIT_LOC_STRINGS = NO;
				SWIFT_VERSION = 5.0;
				TARGETED_DEVICE_FAMILY = "1,2";
				TEST_TARGET_NAME = Instagram;
			};
			name = Debug;
		};
		5B6B3DFB27E77F3800E6D7AB /* Release */ = {
			isa = XCBuildConfiguration;
			buildSettings = {
				ALWAYS_EMBED_SWIFT_STANDARD_LIBRARIES = YES;
				CODE_SIGN_STYLE = Automatic;
				CURRENT_PROJECT_VERSION = 1;
				DEVELOPMENT_TEAM = YHTT54ZVP4;
				GENERATE_INFOPLIST_FILE = YES;
				MARKETING_VERSION = 1.0;
				PRODUCT_BUNDLE_IDENTIFIER = memo.com.codepath.InstagramUITests;
				PRODUCT_NAME = "$(TARGET_NAME)";
				SWIFT_EMIT_LOC_STRINGS = NO;
				SWIFT_VERSION = 5.0;
				TARGETED_DEVICE_FAMILY = "1,2";
				TEST_TARGET_NAME = Instagram;
			};
			name = Release;
		};
/* End XCBuildConfiguration section */

/* Begin XCConfigurationList section */
		5B6B3DC427E77F3700E6D7AB /* Build configuration list for PBXProject "Instagram" */ = {
			isa = XCConfigurationList;
			buildConfigurations = (
				5B6B3DF127E77F3800E6D7AB /* Debug */,
				5B6B3DF227E77F3800E6D7AB /* Release */,
			);
			defaultConfigurationIsVisible = 0;
			defaultConfigurationName = Release;
		};
		5B6B3DF327E77F3800E6D7AB /* Build configuration list for PBXNativeTarget "Instagram" */ = {
			isa = XCConfigurationList;
			buildConfigurations = (
				5B6B3DF427E77F3800E6D7AB /* Debug */,
				5B6B3DF527E77F3800E6D7AB /* Release */,
			);
			defaultConfigurationIsVisible = 0;
			defaultConfigurationName = Release;
		};
		5B6B3DF627E77F3800E6D7AB /* Build configuration list for PBXNativeTarget "InstagramTests" */ = {
			isa = XCConfigurationList;
			buildConfigurations = (
				5B6B3DF727E77F3800E6D7AB /* Debug */,
				5B6B3DF827E77F3800E6D7AB /* Release */,
			);
			defaultConfigurationIsVisible = 0;
			defaultConfigurationName = Release;
		};
		5B6B3DF927E77F3800E6D7AB /* Build configuration list for PBXNativeTarget "InstagramUITests" */ = {
			isa = XCConfigurationList;
			buildConfigurations = (
				5B6B3DFA27E77F3800E6D7AB /* Debug */,
				5B6B3DFB27E77F3800E6D7AB /* Release */,
			);
			defaultConfigurationIsVisible = 0;
			defaultConfigurationName = Release;
		};
/* End XCConfigurationList section */

/* Begin XCRemoteSwiftPackageReference section */
		5B0B8A2327E98B2700E01CAF /* XCRemoteSwiftPackageReference "Parse-Swift" */ = {
			isa = XCRemoteSwiftPackageReference;
			repositoryURL = "https://github.com/parse-community/Parse-Swift";
			requirement = {
				kind = upToNextMajorVersion;
				minimumVersion = 4.0.0;
			};
		};
/* End XCRemoteSwiftPackageReference section */

/* Begin XCSwiftPackageProductDependency section */
		5B0B8A2427E98B2700E01CAF /* ParseSwift */ = {
			isa = XCSwiftPackageProductDependency;
			package = 5B0B8A2327E98B2700E01CAF /* XCRemoteSwiftPackageReference "Parse-Swift" */;
			productName = ParseSwift;
		};
/* End XCSwiftPackageProductDependency section */
	};
	rootObject = 5B6B3DC127E77F3700E6D7AB /* Project object */;
}
